hash: e440e53eac325d8f44e3d4624929ef6b65a7767a77731e578b27b0813a196b1d
updated: 2017-01-10T18:28:42.499163259Z
imports:
- name: github.com/armon/go-radix
  version: 4239b77079c7b5d1243b7b4736304ce8ddb6f0f2
- name: github.com/bgentry/speakeasy
  version: 675b82c74c0ed12283ee81ba8a534c8982c07b85
- name: github.com/mattn/go-isatty
  version: 30a891c33c7cde7b02a981314b4228ec99380cca
- name: github.com/mitchellh/cli
  version: fa17b36f6c61f1ddbbb08c9f6fde94b3c065a09d
- name: golang.org/x/sys
  version: d75a52659825e75fff6158388dddc6a5b04f9ba5
  subpackages:
  - unix
testImports: []
